
Microsoft Visual Studio Solution File, Format Version 12.00
# Visual Studio 2013
VisualStudioVersion = 12.0.31101.0
MinimumVisualStudioVersion = 10.0.40219.1
Project("{FAE04EC0-301F-11D3-BF4B-00C04F79EFBC}") = "CalculatorService", "CalculatorService\CalculatorService.csproj", "{43CE5441-BCF3-44D9-80CE-FB2F5EF1E780}"
EndProject
Project("{FAE04EC0-301F-11D3-BF4B-00C04F79EFBC}") = "SecureCalculatorService", "SecureCalculatorService\SecureCalculatorService.csproj", "{F3CC8E9B-2CD9-4E13-82D8-3048911F0618}"
EndProject
Project("{FAE04EC0-301F-11D3-BF4B-00C04F79EFBC}") = "MutualAuthCalculatorService", "MutualAuthCalculatorService\MutualAuthCalculatorService.csproj", "{8AA0800E-1484-4EDC-B968-AB0A72CB3A20}"
EndProject
Project("{FAE04EC0-301F-11D3-BF4B-00C04F79EFBC}") = "CalculatorConsole", "CalculatorConsole\CalculatorConsole.csproj", "{1BB2C2EC-7C2A-44C3-8C4F-7077CE355558}"
EndProject
Project("{FAE04EC0-301F-11D3-BF4B-00C04F79EFBC}") = "MutualAuthCalculatorConsole", "MutualAuthCalculatorConsole\MutualAuthCalculatorConsole.csproj", "{FC3288D5-E997-4897-908F-45E396E1A89B}"
EndProject
Project("{FAE04EC0-301F-11D3-BF4B-00C04F79EFBC}") = "SecureCalculatorConsole", "SecureCalculatorConsole\SecureCalculatorConsole.csproj", "{40E402DE-DD56-45B3-B981-25D29BA97C73}"
EndProject
Global
	GlobalSection(SolutionConfigurationPlatforms) = preSolution
		Debug|Any CPU = Debug|Any CPU
		Release|Any CPU = Release|Any CPU
	EndGlobalSection
	GlobalSection(ProjectConfigurationPlatforms) = postSolution
		{43CE5441-BCF3-44D9-80CE-FB2F5EF1E780}.Debug|Any CPU.ActiveCfg = Debug|Any CPU
		{43CE5441-BCF3-44D9-80CE-FB2F5EF1E780}.Debug|Any CPU.Build.0 = Debug|Any CPU
		{43CE5441-BCF3-44D9-80CE-FB2F5EF1E780}.Release|Any CPU.ActiveCfg = Release|Any CPU
		{43CE5441-BCF3-44D9-80CE-FB2F5EF1E780}.Release|Any CPU.Build.0 = Release|Any CPU
		{F3CC8E9B-2CD9-4E13-82D8-3048911F0618}.Debug|Any CPU.ActiveCfg = Debug|Any CPU
		{F3CC8E9B-2CD9-4E13-82D8-3048911F0618}.Debug|Any CPU.Build.0 = Debug|Any CPU
		{F3CC8E9B-2CD9-4E13-82D8-3048911F0618}.Release|Any CPU.ActiveCfg = Release|Any CPU
		{F3CC8E9B-2CD9-4E13-82D8-3048911F0618}.Release|Any CPU.Build.0 = Release|Any CPU
		{8AA0800E-1484-4EDC-B968-AB0A72CB3A20}.Debug|Any CPU.ActiveCfg = Debug|Any CPU
		{8AA0800E-1484-4EDC-B968-AB0A72CB3A20}.Debug|Any CPU.Build.0 = Debug|Any CPU
		{8AA0800E-1484-4EDC-B968-AB0A72CB3A20}.Release|Any CPU.ActiveCfg = Release|Any CPU
		{8AA0800E-1484-4EDC-B968-AB0A72CB3A20}.Release|Any CPU.Build.0 = Release|Any CPU
		{1BB2C2EC-7C2A-44C3-8C4F-7077CE355558}.Debug|Any CPU.ActiveCfg = Debug|Any CPU
		{1BB2C2EC-7C2A-44C3-8C4F-7077CE355558}.Debug|Any CPU.Build.0 = Debug|Any CPU
		{1BB2C2EC-7C2A-44C3-8C4F-7077CE355558}.Release|Any CPU.ActiveCfg = Release|Any CPU
		{1BB2C2EC-7C2A-44C3-8C4F-7077CE355558}.Release|Any CPU.Build.0 = Release|Any CPU
		{FC3288D5-E997-4897-908F-45E396E1A89B}.Debug|Any CPU.ActiveCfg = Debug|Any CPU
		{FC3288D5-E997-4897-908F-45E396E1A89B}.Debug|Any CPU.Build.0 = Debug|Any CPU
		{FC3288D5-E997-4897-908F-45E396E1A89B}.Release|Any CPU.ActiveCfg = Release|Any CPU
		{FC3288D5-E997-4897-908F-45E396E1A89B}.Release|Any CPU.Build.0 = Release|Any CPU
		{40E402DE-DD56-45B3-B981-25D29BA97C73}.Debug|Any CPU.ActiveCfg = Debug|Any CPU
		{40E402DE-DD56-45B3-B981-25D29BA97C73}.Debug|Any CPU.Build.0 = Debug|Any CPU
		{40E402DE-DD56-45B3-B981-25D29BA97C73}.Release|Any CPU.ActiveCfg = Release|Any CPU
		{40E402DE-DD56-45B3-B981-25D29BA97C73}.Release|Any CPU.Build.0 = Release|Any CPU
	EndGlobalSection
	GlobalSection(SolutionProperties) = preSolution
		HideSolutionNode = FALSE
	EndGlobalSection
EndGlobal
